
Microsoft Visual Studio Solution File, Format Version 12.00
# Visual Studio 15
VisualStudioVersion = 15.0.28307.421
MinimumVisualStudioVersion = 10.0.40219.1
Project("{8BC9CEB8-8B4A-11D0-8D11-00A0C91BC942}") = "29. Divide Two Integers", "29. Divide Two Integers\29. Divide Two Integers.vcxproj", "{BB1E7BDC-705E-48F9-8396-0E86349B1713}"
EndProject
Global
	GlobalSection(SolutionConfigurationPlatforms) = preSolution
		Debug|x64 = Debug|x64
		Debug|x86 = Debug|x86
		Release|x64 = Release|x64
		Release|x86 = Release|x86
	EndGlobalSection
	GlobalSection(ProjectConfigurationPlatforms) = postSolution
		{BB1E7BDC-705E-48F9-8396-0E86349B1713}.Debug|x64.ActiveCfg = Debug|x64
		{BB1E7BDC-705E-48F9-8396-0E86349B1713}.Debug|x64.Build.0 = Debug|x64
		{BB1E7BDC-705E-48F9-8396-0E86349B1713}.Debug|x86.ActiveCfg = Debug|Win32
		{BB1E7BDC-705E-48F9-8396-0E86349B1713}.Debug|x86.Build.0 = Debug|Win32
		{BB1E7BDC-705E-48F9-8396-0E86349B1713}.Release|x64.ActiveCfg = Release|x64
		{BB1E7BDC-705E-48F9-8396-0E86349B1713}.Release|x64.Build.0 = Release|x64
		{BB1E7BDC-705E-48F9-8396-0E86349B1713}.Release|x86.ActiveCfg = Release|Win32
		{BB1E7BDC-705E-48F9-8396-0E86349B1713}.Release|x86.Build.0 = Release|Win32
	EndGlobalSection
	GlobalSection(SolutionProperties) = preSolution
		HideSolutionNode = FALSE
	EndGlobalSection
	GlobalSection(ExtensibilityGlobals) = postSolution
		SolutionGuid = {429695EE-0EF1-4DD9-92C5-148F91AF9287}
	EndGlobalSection
EndGlobal
