
Microsoft Visual Studio Solution File, Format Version 12.00
# Visual Studio 15
VisualStudioVersion = 15.0.28307.421
MinimumVisualStudioVersion = 10.0.40219.1
Project("{8BC9CEB8-8B4A-11D0-8D11-00A0C91BC942}") = "817. 链表组件", "817. 链表组件\817. 链表组件.vcxproj", "{932EB38B-DB27-4312-8029-27CC647C7B6E}"
EndProject
Global
	GlobalSection(SolutionConfigurationPlatforms) = preSolution
		Debug|x64 = Debug|x64
		Debug|x86 = Debug|x86
		Release|x64 = Release|x64
		Release|x86 = Release|x86
	EndGlobalSection
	GlobalSection(ProjectConfigurationPlatforms) = postSolution
		{932EB38B-DB27-4312-8029-27CC647C7B6E}.Debug|x64.ActiveCfg = Debug|x64
		{932EB38B-DB27-4312-8029-27CC647C7B6E}.Debug|x64.Build.0 = Debug|x64
		{932EB38B-DB27-4312-8029-27CC647C7B6E}.Debug|x86.ActiveCfg = Debug|Win32
		{932EB38B-DB27-4312-8029-27CC647C7B6E}.Debug|x86.Build.0 = Debug|Win32
		{932EB38B-DB27-4312-8029-27CC647C7B6E}.Release|x64.ActiveCfg = Release|x64
		{932EB38B-DB27-4312-8029-27CC647C7B6E}.Release|x64.Build.0 = Release|x64
		{932EB38B-DB27-4312-8029-27CC647C7B6E}.Release|x86.ActiveCfg = Release|Win32
		{932EB38B-DB27-4312-8029-27CC647C7B6E}.Release|x86.Build.0 = Release|Win32
	EndGlobalSection
	GlobalSection(SolutionProperties) = preSolution
		HideSolutionNode = FALSE
	EndGlobalSection
	GlobalSection(ExtensibilityGlobals) = postSolution
		SolutionGuid = {20B2F4E5-8D4A-4ADA-A0C8-4B57B2328271}
	EndGlobalSection
EndGlobal
