
Microsoft Visual Studio Solution File, Format Version 12.00
# Visual Studio 15
VisualStudioVersion = 15.0.28307.421
MinimumVisualStudioVersion = 10.0.40219.1
Project("{8BC9CEB8-8B4A-11D0-8D11-00A0C91BC942}") = "11.盛最多水的容器", "11.盛最多水的容器\11.盛最多水的容器.vcxproj", "{E0A0058C-7A8A-4805-816F-7DBE9334158A}"
EndProject
Global
	GlobalSection(SolutionConfigurationPlatforms) = preSolution
		Debug|x64 = Debug|x64
		Debug|x86 = Debug|x86
		Release|x64 = Release|x64
		Release|x86 = Release|x86
	EndGlobalSection
	GlobalSection(ProjectConfigurationPlatforms) = postSolution
		{E0A0058C-7A8A-4805-816F-7DBE9334158A}.Debug|x64.ActiveCfg = Debug|x64
		{E0A0058C-7A8A-4805-816F-7DBE9334158A}.Debug|x64.Build.0 = Debug|x64
		{E0A0058C-7A8A-4805-816F-7DBE9334158A}.Debug|x86.ActiveCfg = Debug|Win32
		{E0A0058C-7A8A-4805-816F-7DBE9334158A}.Debug|x86.Build.0 = Debug|Win32
		{E0A0058C-7A8A-4805-816F-7DBE9334158A}.Release|x64.ActiveCfg = Release|x64
		{E0A0058C-7A8A-4805-816F-7DBE9334158A}.Release|x64.Build.0 = Release|x64
		{E0A0058C-7A8A-4805-816F-7DBE9334158A}.Release|x86.ActiveCfg = Release|Win32
		{E0A0058C-7A8A-4805-816F-7DBE9334158A}.Release|x86.Build.0 = Release|Win32
	EndGlobalSection
	GlobalSection(SolutionProperties) = preSolution
		HideSolutionNode = FALSE
	EndGlobalSection
	GlobalSection(ExtensibilityGlobals) = postSolution
		SolutionGuid = {30BB8A5C-AEF1-4A6A-A397-3EF9F9E0B1BA}
	EndGlobalSection
EndGlobal
