
Microsoft Visual Studio Solution File, Format Version 12.00
# Visual Studio 15
VisualStudioVersion = 15.0.28307.421
MinimumVisualStudioVersion = 10.0.40219.1
Project("{8BC9CEB8-8B4A-11D0-8D11-00A0C91BC942}") = "14.最长公共前缀", "14.最长公共前缀\14.最长公共前缀.vcxproj", "{793E990B-BF38-48C0-8736-E3EEAF27AD52}"
EndProject
Global
	GlobalSection(SolutionConfigurationPlatforms) = preSolution
		Debug|x64 = Debug|x64
		Debug|x86 = Debug|x86
		Release|x64 = Release|x64
		Release|x86 = Release|x86
	EndGlobalSection
	GlobalSection(ProjectConfigurationPlatforms) = postSolution
		{793E990B-BF38-48C0-8736-E3EEAF27AD52}.Debug|x64.ActiveCfg = Debug|x64
		{793E990B-BF38-48C0-8736-E3EEAF27AD52}.Debug|x64.Build.0 = Debug|x64
		{793E990B-BF38-48C0-8736-E3EEAF27AD52}.Debug|x86.ActiveCfg = Debug|Win32
		{793E990B-BF38-48C0-8736-E3EEAF27AD52}.Debug|x86.Build.0 = Debug|Win32
		{793E990B-BF38-48C0-8736-E3EEAF27AD52}.Release|x64.ActiveCfg = Release|x64
		{793E990B-BF38-48C0-8736-E3EEAF27AD52}.Release|x64.Build.0 = Release|x64
		{793E990B-BF38-48C0-8736-E3EEAF27AD52}.Release|x86.ActiveCfg = Release|Win32
		{793E990B-BF38-48C0-8736-E3EEAF27AD52}.Release|x86.Build.0 = Release|Win32
	EndGlobalSection
	GlobalSection(SolutionProperties) = preSolution
		HideSolutionNode = FALSE
	EndGlobalSection
	GlobalSection(ExtensibilityGlobals) = postSolution
		SolutionGuid = {8760891E-B1F0-4BF4-908D-2831ED61D860}
	EndGlobalSection
EndGlobal
