
Microsoft Visual Studio Solution File, Format Version 12.00
# Visual Studio 15
VisualStudioVersion = 15.0.28307.421
MinimumVisualStudioVersion = 10.0.40219.1
Project("{8BC9CEB8-8B4A-11D0-8D11-00A0C91BC942}") = "牛客.把字符串转化为整数", "牛客.把字符串转化为整数\牛客.把字符串转化为整数.vcxproj", "{D1F36069-39AA-4986-A168-DF62C8F5FB83}"
EndProject
Global
	GlobalSection(SolutionConfigurationPlatforms) = preSolution
		Debug|x64 = Debug|x64
		Debug|x86 = Debug|x86
		Release|x64 = Release|x64
		Release|x86 = Release|x86
	EndGlobalSection
	GlobalSection(ProjectConfigurationPlatforms) = postSolution
		{D1F36069-39AA-4986-A168-DF62C8F5FB83}.Debug|x64.ActiveCfg = Debug|x64
		{D1F36069-39AA-4986-A168-DF62C8F5FB83}.Debug|x64.Build.0 = Debug|x64
		{D1F36069-39AA-4986-A168-DF62C8F5FB83}.Debug|x86.ActiveCfg = Debug|Win32
		{D1F36069-39AA-4986-A168-DF62C8F5FB83}.Debug|x86.Build.0 = Debug|Win32
		{D1F36069-39AA-4986-A168-DF62C8F5FB83}.Release|x64.ActiveCfg = Release|x64
		{D1F36069-39AA-4986-A168-DF62C8F5FB83}.Release|x64.Build.0 = Release|x64
		{D1F36069-39AA-4986-A168-DF62C8F5FB83}.Release|x86.ActiveCfg = Release|Win32
		{D1F36069-39AA-4986-A168-DF62C8F5FB83}.Release|x86.Build.0 = Release|Win32
	EndGlobalSection
	GlobalSection(SolutionProperties) = preSolution
		HideSolutionNode = FALSE
	EndGlobalSection
	GlobalSection(ExtensibilityGlobals) = postSolution
		SolutionGuid = {94F1199D-F878-4F51-9D91-D312B44BBD2E}
	EndGlobalSection
EndGlobal
