
Microsoft Visual Studio Solution File, Format Version 12.00
# Visual Studio 15
VisualStudioVersion = 15.0.28307.421
MinimumVisualStudioVersion = 10.0.40219.1
Project("{8BC9CEB8-8B4A-11D0-8D11-00A0C91BC942}") = "541.反转字符串II", "541.反转字符串II\541.反转字符串II.vcxproj", "{0B4F149E-9667-4DC0-92C1-962CEB112BD3}"
EndProject
Global
	GlobalSection(SolutionConfigurationPlatforms) = preSolution
		Debug|x64 = Debug|x64
		Debug|x86 = Debug|x86
		Release|x64 = Release|x64
		Release|x86 = Release|x86
	EndGlobalSection
	GlobalSection(ProjectConfigurationPlatforms) = postSolution
		{0B4F149E-9667-4DC0-92C1-962CEB112BD3}.Debug|x64.ActiveCfg = Debug|x64
		{0B4F149E-9667-4DC0-92C1-962CEB112BD3}.Debug|x64.Build.0 = Debug|x64
		{0B4F149E-9667-4DC0-92C1-962CEB112BD3}.Debug|x86.ActiveCfg = Debug|Win32
		{0B4F149E-9667-4DC0-92C1-962CEB112BD3}.Debug|x86.Build.0 = Debug|Win32
		{0B4F149E-9667-4DC0-92C1-962CEB112BD3}.Release|x64.ActiveCfg = Release|x64
		{0B4F149E-9667-4DC0-92C1-962CEB112BD3}.Release|x64.Build.0 = Release|x64
		{0B4F149E-9667-4DC0-92C1-962CEB112BD3}.Release|x86.ActiveCfg = Release|Win32
		{0B4F149E-9667-4DC0-92C1-962CEB112BD3}.Release|x86.Build.0 = Release|Win32
	EndGlobalSection
	GlobalSection(SolutionProperties) = preSolution
		HideSolutionNode = FALSE
	EndGlobalSection
	GlobalSection(ExtensibilityGlobals) = postSolution
		SolutionGuid = {5EB1A7A0-8BCE-4142-B866-0DF78A820F44}
	EndGlobalSection
EndGlobal
