
Microsoft Visual Studio Solution File, Format Version 12.00
# Visual Studio 15
VisualStudioVersion = 15.0.28307.421
MinimumVisualStudioVersion = 10.0.40219.1
Project("{8BC9CEB8-8B4A-11D0-8D11-00A0C91BC942}") = "125.验证回文串", "125.验证回文串\125.验证回文串.vcxproj", "{49640C13-C8E1-4E7E-8D3E-050307369C05}"
EndProject
Global
	GlobalSection(SolutionConfigurationPlatforms) = preSolution
		Debug|x64 = Debug|x64
		Debug|x86 = Debug|x86
		Release|x64 = Release|x64
		Release|x86 = Release|x86
	EndGlobalSection
	GlobalSection(ProjectConfigurationPlatforms) = postSolution
		{49640C13-C8E1-4E7E-8D3E-050307369C05}.Debug|x64.ActiveCfg = Debug|x64
		{49640C13-C8E1-4E7E-8D3E-050307369C05}.Debug|x64.Build.0 = Debug|x64
		{49640C13-C8E1-4E7E-8D3E-050307369C05}.Debug|x86.ActiveCfg = Debug|Win32
		{49640C13-C8E1-4E7E-8D3E-050307369C05}.Debug|x86.Build.0 = Debug|Win32
		{49640C13-C8E1-4E7E-8D3E-050307369C05}.Release|x64.ActiveCfg = Release|x64
		{49640C13-C8E1-4E7E-8D3E-050307369C05}.Release|x64.Build.0 = Release|x64
		{49640C13-C8E1-4E7E-8D3E-050307369C05}.Release|x86.ActiveCfg = Release|Win32
		{49640C13-C8E1-4E7E-8D3E-050307369C05}.Release|x86.Build.0 = Release|Win32
	EndGlobalSection
	GlobalSection(SolutionProperties) = preSolution
		HideSolutionNode = FALSE
	EndGlobalSection
	GlobalSection(ExtensibilityGlobals) = postSolution
		SolutionGuid = {DF711F1A-624E-4CAD-9D8C-95D17A9FDE40}
	EndGlobalSection
EndGlobal
