
Microsoft Visual Studio Solution File, Format Version 12.00
# Visual Studio 15
VisualStudioVersion = 15.0.28307.421
MinimumVisualStudioVersion = 10.0.40219.1
Project("{8BC9CEB8-8B4A-11D0-8D11-00A0C91BC942}") = "27.移除元素", "27.移除元素\27.移除元素.vcxproj", "{54132679-3754-49F5-B5BA-B8D70A6C1E17}"
EndProject
Global
	GlobalSection(SolutionConfigurationPlatforms) = preSolution
		Debug|x64 = Debug|x64
		Debug|x86 = Debug|x86
		Release|x64 = Release|x64
		Release|x86 = Release|x86
	EndGlobalSection
	GlobalSection(ProjectConfigurationPlatforms) = postSolution
		{54132679-3754-49F5-B5BA-B8D70A6C1E17}.Debug|x64.ActiveCfg = Debug|x64
		{54132679-3754-49F5-B5BA-B8D70A6C1E17}.Debug|x64.Build.0 = Debug|x64
		{54132679-3754-49F5-B5BA-B8D70A6C1E17}.Debug|x86.ActiveCfg = Debug|Win32
		{54132679-3754-49F5-B5BA-B8D70A6C1E17}.Debug|x86.Build.0 = Debug|Win32
		{54132679-3754-49F5-B5BA-B8D70A6C1E17}.Release|x64.ActiveCfg = Release|x64
		{54132679-3754-49F5-B5BA-B8D70A6C1E17}.Release|x64.Build.0 = Release|x64
		{54132679-3754-49F5-B5BA-B8D70A6C1E17}.Release|x86.ActiveCfg = Release|Win32
		{54132679-3754-49F5-B5BA-B8D70A6C1E17}.Release|x86.Build.0 = Release|Win32
	EndGlobalSection
	GlobalSection(SolutionProperties) = preSolution
		HideSolutionNode = FALSE
	EndGlobalSection
	GlobalSection(ExtensibilityGlobals) = postSolution
		SolutionGuid = {7DFFDA77-902B-4CEE-B7F6-6B7AF06C4491}
	EndGlobalSection
EndGlobal
